{
  "name": "@agoric/jessie",
  "version": "0.2.0",
  "lockfileVersion": 1,
  "requires": true,
  "dependencies": {
    "@agoric/harden": {
      "version": "0.0.4",
      "resolved": "https://registry.npmjs.org/@agoric/harden/-/harden-0.0.4.tgz",
      "integrity": "sha512-WvTw2otvchy3mScAvqQcX0l6049xp6cF17/Pw0PNNqUTJtOo/84tE9OyBSjEp8wn/XBNArPaJuRjMhQpIQ775Q==",
      "requires": {
        "@agoric/make-hardener": "0.0.4"
      }
    },
    "@agoric/make-hardener": {
      "version": "0.0.4",
      "resolved": "https://registry.npmjs.org/@agoric/make-hardener/-/make-hardener-0.0.4.tgz",
      "integrity": "sha512-0k/wGkIVQO3IY7p/H/5OS3BIXsRK9Qb7nHnqyvj6hzvSyumwgPp8e4rz5QaVWSen43TGJl+zQn4mW9ZZShT1aw=="
    }
  }
}
