# THIS IS AN AUTOGENERATED FILE. DO NOT EDIT THIS FILE DIRECTLY.
# yarn lockfile v1


"@agoric/babel-standalone@^7.9.5":
  version "7.9.5"
  resolved "https://registry.yarnpkg.com/@agoric/babel-standalone/-/babel-standalone-7.9.5.tgz#1ca0c17844924199d31e49d6b67e8b2a629b8599"
  integrity sha512-1Aa23oPuRi4kywUyZODo8zey9Gq2NpD2xUnNvgJLoT8orMQRlVOtvbG3JeHq5sjJERlF/q6csg4/P8t8/5IABA==

"@agoric/make-hardener@^0.1.2":
  version "0.1.3"
  resolved "https://registry.yarnpkg.com/@agoric/make-hardener/-/make-hardener-0.1.3.tgz#807b0072bef95d935c3370d406d9dfeb719f69ee"
  integrity sha512-rc9M2ErE/Zu822OLCnAltr957ZVTsBvVZ7KA2unqDpjo3q7PqZF2hWFB1xXD2Qkfwt5exQ3BjFbkj+NUaTg4gA==

"@agoric/transform-module@^0.4.1":
  version "0.4.1"
  resolved "https://registry.yarnpkg.com/@agoric/transform-module/-/transform-module-0.4.1.tgz#9fb152364faf372e1bda535cb4ef89717724f57c"
  integrity sha512-4TJJHXeXAWu1FCA7yXCAZmhBNoGTB/BEAe2pv+J2X8W/mJTr9b395OkDCSRMpzvmSshLfBx6wT0D7dqWIWEC1w==

ses@^0.12.3:
  version "0.12.3"
  resolved "https://registry.yarnpkg.com/ses/-/ses-0.12.3.tgz#9092a1f54374d08571a62837954e3fa24fe31d0f"
  integrity sha512-uDAUbVECNcgbl90ZwKCsmp5II/rgS1hiiB6KQMBU+GDvsUA+NFXdH76o3bTIk3ftPHqc4Vyk7vAU75pd+3Jy2Q==
  dependencies:
    "@agoric/babel-standalone" "^7.9.5"
    "@agoric/make-hardener" "^0.1.2"
    "@agoric/transform-module" "^0.4.1"
